// !$*UTF8*$!
{
	archiveVersion = 1;
	classes = {
	};
	objectVersion = 50;
	objects = {

/* Begin PBXBuildFile section */
		771B029025A46D5F008B8DCC /* AppDelegate.swift in Sources */ = {isa = PBXBuildFile; fileRef = 771B028F25A46D5F008B8DCC /* AppDelegate.swift */; };
		771B029225A46D5F008B8DCC /* SceneDelegate.swift in Sources */ = {isa = PBXBuildFile; fileRef = 771B029125A46D5F008B8DCC /* SceneDelegate.swift */; };
		771B029425A46D5F008B8DCC /* AuthViewController.swift in Sources */ = {isa = PBXBuildFile; fileRef = 771B029325A46D5F008B8DCC /* AuthViewController.swift */; };
		771B029925A46D60008B8DCC /* Assets.xcassets in Resources */ = {isa = PBXBuildFile; fileRef = 771B029825A46D60008B8DCC /* Assets.xcassets */; };
		771B029C25A46D60008B8DCC /* LaunchScreen.storyboard in Resources */ = {isa = PBXBuildFile; fileRef = 771B029A25A46D60008B8DCC /* LaunchScreen.storyboard */; };
		7722C73525A63E3A00CEA30C /* UISegmentedControl+Extension.swift in Sources */ = {isa = PBXBuildFile; fileRef = 7722C73425A63E3A00CEA30C /* UISegmentedControl+Extension.swift */; };
		7722C73825A8580700CEA30C /* ListViewController.swift in Sources */ = {isa = PBXBuildFile; fileRef = 7722C73725A8580700CEA30C /* ListViewController.swift */; };
		7722C73F25A85AB700CEA30C /* MainTabBarController.swift in Sources */ = {isa = PBXBuildFile; fileRef = 7722C73E25A85AB700CEA30C /* MainTabBarController.swift */; };
		7722C74225A85B4400CEA30C /* PeopleViewController.swift in Sources */ = {isa = PBXBuildFile; fileRef = 7722C74125A85B4400CEA30C /* PeopleViewController.swift */; };
		7722C74725A8C0F200CEA30C /* Bundle+Extension.swift in Sources */ = {isa = PBXBuildFile; fileRef = 7722C74625A8C0F200CEA30C /* Bundle+Extension.swift */; };
		7722C75325A8C25800CEA30C /* activeChats.json in Resources */ = {isa = PBXBuildFile; fileRef = 7722C75125A8C25800CEA30C /* activeChats.json */; };
		7722C75425A8C25800CEA30C /* waitingChats.json in Resources */ = {isa = PBXBuildFile; fileRef = 7722C75225A8C25800CEA30C /* waitingChats.json */; };
		7722C75725A8E3AD00CEA30C /* ActiveCell.swift in Sources */ = {isa = PBXBuildFile; fileRef = 7722C75625A8E3AD00CEA30C /* ActiveCell.swift */; };
		7722C75C25A8E4DE00CEA30C /* Protocol+SelfConfiguringCell.swift in Sources */ = {isa = PBXBuildFile; fileRef = 7722C75B25A8E4DE00CEA30C /* Protocol+SelfConfiguringCell.swift */; };
		77E73E9225A48BE000B64729 /* UIButton+Extension.swift in Sources */ = {isa = PBXBuildFile; fileRef = 77E73E9125A48BE000B64729 /* UIButton+Extension.swift */; };
		77E73E9525A48EFC00B64729 /* UIFont+Extension.swift in Sources */ = {isa = PBXBuildFile; fileRef = 77E73E9425A48EFC00B64729 /* UIFont+Extension.swift */; };
		77E73E9B25A48FE800B64729 /* UIColor.swift in Sources */ = {isa = PBXBuildFile; fileRef = 77E73E9A25A48FE800B64729 /* UIColor.swift */; };
		77E73E9E25A492BE00B64729 /* UILabel+Extension.swift in Sources */ = {isa = PBXBuildFile; fileRef = 77E73E9D25A492BE00B64729 /* UILabel+Extension.swift */; };
		77E73EA125A493AE00B64729 /* UIImageView+Extension.swift in Sources */ = {isa = PBXBuildFile; fileRef = 77E73EA025A493AE00B64729 /* UIImageView+Extension.swift */; };
		77E73EA625A5C53E00B64729 /* ButtonFormView.swift in Sources */ = {isa = PBXBuildFile; fileRef = 77E73EA525A5C53E00B64729 /* ButtonFormView.swift */; };
		77E73EA925A5CE4F00B64729 /* UIStackView+Extension.swift in Sources */ = {isa = PBXBuildFile; fileRef = 77E73EA825A5CE4F00B64729 /* UIStackView+Extension.swift */; };
		77E73EAD25A5D1C200B64729 /* SignUpViewController.swift in Sources */ = {isa = PBXBuildFile; fileRef = 77E73EAC25A5D1C200B64729 /* SignUpViewController.swift */; };
		77E73EB025A5D67600B64729 /* OneLineTextField.swift in Sources */ = {isa = PBXBuildFile; fileRef = 77E73EAF25A5D67600B64729 /* OneLineTextField.swift */; };
		77E73EB625A5F97300B64729 /* LoginViewController.swift in Sources */ = {isa = PBXBuildFile; fileRef = 77E73EB525A5F97300B64729 /* LoginViewController.swift */; };
		77E73EB925A6199900B64729 /* SetupProfileViewController.swift in Sources */ = {isa = PBXBuildFile; fileRef = 77E73EB825A6199900B64729 /* SetupProfileViewController.swift */; };
		77E73EBC25A61D6200B64729 /* AddPhotoView.swift in Sources */ = {isa = PBXBuildFile; fileRef = 77E73EBB25A61D6200B64729 /* AddPhotoView.swift */; };
/* End PBXBuildFile section */

/* Begin PBXFileReference section */
		771B028C25A46D5F008B8DCC /* ZeroChat.app */ = {isa = PBXFileReference; explicitFileType = wrapper.application; includeInIndex = 0; path = ZeroChat.app; sourceTree = BUILT_PRODUCTS_DIR; };
		771B028F25A46D5F008B8DCC /* AppDelegate.swift */ = {isa = PBXFileReference; lastKnownFileType = sourcecode.swift; path = AppDelegate.swift; sourceTree = "<group>"; };
		771B029125A46D5F008B8DCC /* SceneDelegate.swift */ = {isa = PBXFileReference; lastKnownFileType = sourcecode.swift; path = SceneDelegate.swift; sourceTree = "<group>"; };
		771B029325A46D5F008B8DCC /* AuthViewController.swift */ = {isa = PBXFileReference; lastKnownFileType = sourcecode.swift; path = AuthViewController.swift; sourceTree = "<group>"; };
		771B029825A46D60008B8DCC /* Assets.xcassets */ = {isa = PBXFileReference; lastKnownFileType = folder.assetcatalog; path = Assets.xcassets; sourceTree = "<group>"; };
		771B029B25A46D60008B8DCC /* Base */ = {isa = PBXFileReference; lastKnownFileType = file.storyboard; name = Base; path = Base.lproj/LaunchScreen.storyboard; sourceTree = "<group>"; };
		771B029D25A46D60008B8DCC /* Info.plist */ = {isa = PBXFileReference; lastKnownFileType = text.plist.xml; path = Info.plist; sourceTree = "<group>"; };
		7722C73425A63E3A00CEA30C /* UISegmentedControl+Extension.swift */ = {isa = PBXFileReference; lastKnownFileType = sourcecode.swift; path = "UISegmentedControl+Extension.swift"; sourceTree = "<group>"; };
		7722C73725A8580700CEA30C /* ListViewController.swift */ = {isa = PBXFileReference; lastKnownFileType = sourcecode.swift; path = ListViewController.swift; sourceTree = "<group>"; };
		7722C73E25A85AB700CEA30C /* MainTabBarController.swift */ = {isa = PBXFileReference; lastKnownFileType = sourcecode.swift; path = MainTabBarController.swift; sourceTree = "<group>"; };
		7722C74125A85B4400CEA30C /* PeopleViewController.swift */ = {isa = PBXFileReference; lastKnownFileType = sourcecode.swift; path = PeopleViewController.swift; sourceTree = "<group>"; };
		7722C74625A8C0F200CEA30C /* Bundle+Extension.swift */ = {isa = PBXFileReference; lastKnownFileType = sourcecode.swift; path = "Bundle+Extension.swift"; sourceTree = "<group>"; };
		7722C75125A8C25800CEA30C /* activeChats.json */ = {isa = PBXFileReference; fileEncoding = 4; lastKnownFileType = text.json; path = activeChats.json; sourceTree = "<group>"; };
		7722C75225A8C25800CEA30C /* waitingChats.json */ = {isa = PBXFileReference; fileEncoding = 4; lastKnownFileType = text.json; path = waitingChats.json; sourceTree = "<group>"; };
		7722C75625A8E3AD00CEA30C /* ActiveCell.swift */ = {isa = PBXFileReference; lastKnownFileType = sourcecode.swift; path = ActiveCell.swift; sourceTree = "<group>"; };
		7722C75B25A8E4DE00CEA30C /* Protocol+SelfConfiguringCell.swift */ = {isa = PBXFileReference; lastKnownFileType = sourcecode.swift; path = "Protocol+SelfConfiguringCell.swift"; sourceTree = "<group>"; };
		77E73E9125A48BE000B64729 /* UIButton+Extension.swift */ = {isa = PBXFileReference; lastKnownFileType = sourcecode.swift; path = "UIButton+Extension.swift"; sourceTree = "<group>"; };
		77E73E9425A48EFC00B64729 /* UIFont+Extension.swift */ = {isa = PBXFileReference; lastKnownFileType = sourcecode.swift; path = "UIFont+Extension.swift"; sourceTree = "<group>"; };
		77E73E9A25A48FE800B64729 /* UIColor.swift */ = {isa = PBXFileReference; lastKnownFileType = sourcecode.swift; path = UIColor.swift; sourceTree = "<group>"; };
		77E73E9D25A492BE00B64729 /* UILabel+Extension.swift */ = {isa = PBXFileReference; lastKnownFileType = sourcecode.swift; path = "UILabel+Extension.swift"; sourceTree = "<group>"; };
		77E73EA025A493AE00B64729 /* UIImageView+Extension.swift */ = {isa = PBXFileReference; lastKnownFileType = sourcecode.swift; path = "UIImageView+Extension.swift"; sourceTree = "<group>"; };
		77E73EA525A5C53E00B64729 /* ButtonFormView.swift */ = {isa = PBXFileReference; lastKnownFileType = sourcecode.swift; path = ButtonFormView.swift; sourceTree = "<group>"; };
		77E73EA825A5CE4F00B64729 /* UIStackView+Extension.swift */ = {isa = PBXFileReference; lastKnownFileType = sourcecode.swift; path = "UIStackView+Extension.swift"; sourceTree = "<group>"; };
		77E73EAC25A5D1C200B64729 /* SignUpViewController.swift */ = {isa = PBXFileReference; lastKnownFileType = sourcecode.swift; path = SignUpViewController.swift; sourceTree = "<group>"; };
		77E73EAF25A5D67600B64729 /* OneLineTextField.swift */ = {isa = PBXFileReference; lastKnownFileType = sourcecode.swift; path = OneLineTextField.swift; sourceTree = "<group>"; };
		77E73EB525A5F97300B64729 /* LoginViewController.swift */ = {isa = PBXFileReference; lastKnownFileType = sourcecode.swift; path = LoginViewController.swift; sourceTree = "<group>"; };
		77E73EB825A6199900B64729 /* SetupProfileViewController.swift */ = {isa = PBXFileReference; lastKnownFileType = sourcecode.swift; path = SetupProfileViewController.swift; sourceTree = "<group>"; };
		77E73EBB25A61D6200B64729 /* AddPhotoView.swift */ = {isa = PBXFileReference; lastKnownFileType = sourcecode.swift; path = AddPhotoView.swift; sourceTree = "<group>"; };
/* End PBXFileReference section */

/* Begin PBXFrameworksBuildPhase section */
		771B028925A46D5F008B8DCC /* Frameworks */ = {
			isa = PBXFrameworksBuildPhase;
			buildActionMask = 2147483647;
			files = (
			);
			runOnlyForDeploymentPostprocessing = 0;
		};
/* End PBXFrameworksBuildPhase section */

/* Begin PBXGroup section */
		771B028325A46D5F008B8DCC = {
			isa = PBXGroup;
			children = (
				771B028E25A46D5F008B8DCC /* ZeroChat */,
				771B028D25A46D5F008B8DCC /* Products */,
			);
			sourceTree = "<group>";
		};
		771B028D25A46D5F008B8DCC /* Products */ = {
			isa = PBXGroup;
			children = (
				771B028C25A46D5F008B8DCC /* ZeroChat.app */,
			);
			name = Products;
			sourceTree = "<group>";
		};
		771B028E25A46D5F008B8DCC /* ZeroChat */ = {
			isa = PBXGroup;
			children = (
				771B029D25A46D60008B8DCC /* Info.plist */,
				77E73E8E25A48A9100B64729 /* App */,
				7722C73A25A859CE00CEA30C /* SignAuth */,
				7722C73C25A85A9000CEA30C /* Controllers */,
				77E73E9725A48F0900B64729 /* Extensions */,
				7722C75025A8C21000CEA30C /* Resources */,
			);
			path = ZeroChat;
			sourceTree = "<group>";
		};
		7722C73A25A859CE00CEA30C /* SignAuth */ = {
			isa = PBXGroup;
			children = (
				771B029325A46D5F008B8DCC /* AuthViewController.swift */,
				77E73EAC25A5D1C200B64729 /* SignUpViewController.swift */,
				77E73EB525A5F97300B64729 /* LoginViewController.swift */,
				77E73EB825A6199900B64729 /* SetupProfileViewController.swift */,
			);
			path = SignAuth;
			sourceTree = "<group>";
		};
		7722C73C25A85A9000CEA30C /* Controllers */ = {
			isa = PBXGroup;
			children = (
				7722C73E25A85AB700CEA30C /* MainTabBarController.swift */,
				7722C73725A8580700CEA30C /* ListViewController.swift */,
				7722C74125A85B4400CEA30C /* PeopleViewController.swift */,
				77E73EB225A5D67B00B64729 /* CustomViews */,
			);
			path = Controllers;
			sourceTree = "<group>";
		};
		7722C74925A8C0F700CEA30C /* Foundation */ = {
			isa = PBXGroup;
			children = (
				7722C74625A8C0F200CEA30C /* Bundle+Extension.swift */,
			);
			path = Foundation;
			sourceTree = "<group>";
		};
		7722C74F25A8C1B900CEA30C /* MocData */ = {
			isa = PBXGroup;
			children = (
				7722C75125A8C25800CEA30C /* activeChats.json */,
				7722C75225A8C25800CEA30C /* waitingChats.json */,
			);
			path = MocData;
			sourceTree = "<group>";
		};
		7722C75025A8C21000CEA30C /* Resources */ = {
			isa = PBXGroup;
			children = (
				7722C74F25A8C1B900CEA30C /* MocData */,
				771B029825A46D60008B8DCC /* Assets.xcassets */,
				771B029A25A46D60008B8DCC /* LaunchScreen.storyboard */,
			);
			path = Resources;
			sourceTree = "<group>";
		};
		7722C75925A8E3B200CEA30C /* Cell */ = {
			isa = PBXGroup;
			children = (
				7722C75625A8E3AD00CEA30C /* ActiveCell.swift */,
				7722C75B25A8E4DE00CEA30C /* Protocol+SelfConfiguringCell.swift */,
			);
			path = Cell;
			sourceTree = "<group>";
		};
		77E73E8E25A48A9100B64729 /* App */ = {
			isa = PBXGroup;
			children = (
				771B028F25A46D5F008B8DCC /* AppDelegate.swift */,
				771B029125A46D5F008B8DCC /* SceneDelegate.swift */,
			);
			path = App;
			sourceTree = "<group>";
		};
		77E73E9725A48F0900B64729 /* Extensions */ = {
			isa = PBXGroup;
			children = (
				7722C74925A8C0F700CEA30C /* Foundation */,
				77E73EA325A4AFE100B64729 /* UIKit */,
			);
			path = Extensions;
			sourceTree = "<group>";
		};
		77E73EA325A4AFE100B64729 /* UIKit */ = {
			isa = PBXGroup;
			children = (
				77E73E9125A48BE000B64729 /* UIButton+Extension.swift */,
				77E73E9425A48EFC00B64729 /* UIFont+Extension.swift */,
				77E73E9D25A492BE00B64729 /* UILabel+Extension.swift */,
				77E73E9A25A48FE800B64729 /* UIColor.swift */,
				77E73EA025A493AE00B64729 /* UIImageView+Extension.swift */,
				77E73EA825A5CE4F00B64729 /* UIStackView+Extension.swift */,
				7722C73425A63E3A00CEA30C /* UISegmentedControl+Extension.swift */,
			);
			path = UIKit;
			sourceTree = "<group>";
		};
		77E73EB225A5D67B00B64729 /* CustomViews */ = {
			isa = PBXGroup;
			children = (
				77E73EAF25A5D67600B64729 /* OneLineTextField.swift */,
				77E73EA525A5C53E00B64729 /* ButtonFormView.swift */,
				77E73EBB25A61D6200B64729 /* AddPhotoView.swift */,
				7722C75925A8E3B200CEA30C /* Cell */,
			);
			path = CustomViews;
			sourceTree = "<group>";
		};
/* End PBXGroup section */

/* Begin PBXNativeTarget section */
		771B028B25A46D5F008B8DCC /* ZeroChat */ = {
			isa = PBXNativeTarget;
			buildConfigurationList = 771B02A025A46D60008B8DCC /* Build configuration list for PBXNativeTarget "ZeroChat" */;
			buildPhases = (
				771B028825A46D5F008B8DCC /* Sources */,
				771B028925A46D5F008B8DCC /* Frameworks */,
				771B028A25A46D5F008B8DCC /* Resources */,
			);
			buildRules = (
			);
			dependencies = (
			);
			name = ZeroChat;
			productName = ZeroChat;
			productReference = 771B028C25A46D5F008B8DCC /* ZeroChat.app */;
			productType = "com.apple.product-type.application";
		};
/* End PBXNativeTarget section */

/* Begin PBXProject section */
		771B028425A46D5F008B8DCC /* Project object */ = {
			isa = PBXProject;
			attributes = {
				LastSwiftUpdateCheck = 1230;
				LastUpgradeCheck = 1230;
				TargetAttributes = {
					771B028B25A46D5F008B8DCC = {
						CreatedOnToolsVersion = 12.3;
					};
				};
			};
			buildConfigurationList = 771B028725A46D5F008B8DCC /* Build configuration list for PBXProject "ZeroChat" */;
			compatibilityVersion = "Xcode 9.3";
			developmentRegion = en;
			hasScannedForEncodings = 0;
			knownRegions = (
				en,
				Base,
			);
			mainGroup = 771B028325A46D5F008B8DCC;
			productRefGroup = 771B028D25A46D5F008B8DCC /* Products */;
			projectDirPath = "";
			projectRoot = "";
			targets = (
				771B028B25A46D5F008B8DCC /* ZeroChat */,
			);
		};
/* End PBXProject section */

/* Begin PBXResourcesBuildPhase section */
		771B028A25A46D5F008B8DCC /* Resources */ = {
			isa = PBXResourcesBuildPhase;
			buildActionMask = 2147483647;
			files = (
				771B029C25A46D60008B8DCC /* LaunchScreen.storyboard in Resources */,
				7722C75325A8C25800CEA30C /* activeChats.json in Resources */,
				771B029925A46D60008B8DCC /* Assets.xcassets in Resources */,
				7722C75425A8C25800CEA30C /* waitingChats.json in Resources */,
			);
			runOnlyForDeploymentPostprocessing = 0;
		};
/* End PBXResourcesBuildPhase section */

/* Begin PBXSourcesBuildPhase section */
		771B028825A46D5F008B8DCC /* Sources */ = {
			isa = PBXSourcesBuildPhase;
			buildActionMask = 2147483647;
			files = (
				7722C75725A8E3AD00CEA30C /* ActiveCell.swift in Sources */,
				7722C73825A8580700CEA30C /* ListViewController.swift in Sources */,
				7722C73525A63E3A00CEA30C /* UISegmentedControl+Extension.swift in Sources */,
				7722C73F25A85AB700CEA30C /* MainTabBarController.swift in Sources */,
				77E73EB025A5D67600B64729 /* OneLineTextField.swift in Sources */,
				77E73EAD25A5D1C200B64729 /* SignUpViewController.swift in Sources */,
				7722C74225A85B4400CEA30C /* PeopleViewController.swift in Sources */,
				771B029425A46D5F008B8DCC /* AuthViewController.swift in Sources */,
				77E73E9B25A48FE800B64729 /* UIColor.swift in Sources */,
				77E73EB925A6199900B64729 /* SetupProfileViewController.swift in Sources */,
				77E73EA125A493AE00B64729 /* UIImageView+Extension.swift in Sources */,
				77E73EA625A5C53E00B64729 /* ButtonFormView.swift in Sources */,
				7722C74725A8C0F200CEA30C /* Bundle+Extension.swift in Sources */,
				77E73EBC25A61D6200B64729 /* AddPhotoView.swift in Sources */,
				77E73E9225A48BE000B64729 /* UIButton+Extension.swift in Sources */,
				77E73E9E25A492BE00B64729 /* UILabel+Extension.swift in Sources */,
				7722C75C25A8E4DE00CEA30C /* Protocol+SelfConfiguringCell.swift in Sources */,
				771B029025A46D5F008B8DCC /* AppDelegate.swift in Sources */,
				77E73E9525A48EFC00B64729 /* UIFont+Extension.swift in Sources */,
				771B029225A46D5F008B8DCC /* SceneDelegate.swift in Sources */,
				77E73EB625A5F97300B64729 /* LoginViewController.swift in Sources */,
				77E73EA925A5CE4F00B64729 /* UIStackView+Extension.swift in Sources */,
			);
			runOnlyForDeploymentPostprocessing = 0;
		};
/* End PBXSourcesBuildPhase section */

/* Begin PBXVariantGroup section */
		771B029A25A46D60008B8DCC /* LaunchScreen.storyboard */ = {
			isa = PBXVariantGroup;
			children = (
				771B029B25A46D60008B8DCC /* Base */,
			);
			name = LaunchScreen.storyboard;
			sourceTree = "<group>";
		};
/* End PBXVariantGroup section */

/* Begin XCBuildConfiguration section */
		771B029E25A46D60008B8DCC /* Debug */ = {
			isa = XCBuildConfiguration;
			buildSettings = {
				ALWAYS_SEARCH_USER_PATHS = NO;
				CLANG_ANALYZER_NONNULL = YES;
				CLANG_ANALYZER_NUMBER_OBJECT_CONVERSION = YES_AGGRESSIVE;
				CLANG_CXX_LANGUAGE_STANDARD = "gnu++14";
				CLANG_CXX_LIBRARY = "libc++";
				CLANG_ENABLE_MODULES = YES;
				CLANG_ENABLE_OBJC_ARC = YES;
				CLANG_ENABLE_OBJC_WEAK = YES;
				CLANG_WARN_BLOCK_CAPTURE_AUTORELEASING = YES;
				CLANG_WARN_BOOL_CONVERSION = YES;
				CLANG_WARN_COMMA = YES;
				CLANG_WARN_CONSTANT_CONVERSION = YES;
				CLANG_WARN_DEPRECATED_OBJC_IMPLEMENTATIONS = YES;
				CLANG_WARN_DIRECT_OBJC_ISA_USAGE = YES_ERROR;
				CLANG_WARN_DOCUMENTATION_COMMENTS = YES;
				CLANG_WARN_EMPTY_BODY = YES;
				CLANG_WARN_ENUM_CONVERSION = YES;
				CLANG_WARN_INFINITE_RECURSION = YES;
				CLANG_WARN_INT_CONVERSION = YES;
				CLANG_WARN_NON_LITERAL_NULL_CONVERSION = YES;
				CLANG_WARN_OBJC_IMPLICIT_RETAIN_SELF = YES;
				CLANG_WARN_OBJC_LITERAL_CONVERSION = YES;
				CLANG_WARN_OBJC_ROOT_CLASS = YES_ERROR;
				CLANG_WARN_QUOTED_INCLUDE_IN_FRAMEWORK_HEADER = YES;
				CLANG_WARN_RANGE_LOOP_ANALYSIS = YES;
				CLANG_WARN_STRICT_PROTOTYPES = YES;
				CLANG_WARN_SUSPICIOUS_MOVE = YES;
				CLANG_WARN_UNGUARDED_AVAILABILITY = YES_AGGRESSIVE;
				CLANG_WARN_UNREACHABLE_CODE = YES;
				CLANG_WARN__DUPLICATE_METHOD_MATCH = YES;
				COPY_PHASE_STRIP = NO;
				DEBUG_INFORMATION_FORMAT = dwarf;
				ENABLE_STRICT_OBJC_MSGSEND = YES;
				ENABLE_TESTABILITY = YES;
				GCC_C_LANGUAGE_STANDARD = gnu11;
				GCC_DYNAMIC_NO_PIC = NO;
				GCC_NO_COMMON_BLOCKS = YES;
				GCC_OPTIMIZATION_LEVEL = 0;
				GCC_PREPROCESSOR_DEFINITIONS = (
					"DEBUG=1",
					"$(inherited)",
				);
				GCC_WARN_64_TO_32_BIT_CONVERSION = YES;
				GCC_WARN_ABOUT_RETURN_TYPE = YES_ERROR;
				GCC_WARN_UNDECLARED_SELECTOR = YES;
				GCC_WARN_UNINITIALIZED_AUTOS = YES_AGGRESSIVE;
				GCC_WARN_UNUSED_FUNCTION = YES;
				GCC_WARN_UNUSED_VARIABLE = YES;
				IPHONEOS_DEPLOYMENT_TARGET = 14.3;
				MTL_ENABLE_DEBUG_INFO = INCLUDE_SOURCE;
				MTL_FAST_MATH = YES;
				ONLY_ACTIVE_ARCH = YES;
				SDKROOT = iphoneos;
				SWIFT_ACTIVE_COMPILATION_CONDITIONS = DEBUG;
				SWIFT_OPTIMIZATION_LEVEL = "-Onone";
			};
			name = Debug;
		};
		771B029F25A46D60008B8DCC /* Release */ = {
			isa = XCBuildConfiguration;
			buildSettings = {
				ALWAYS_SEARCH_USER_PATHS = NO;
				CLANG_ANALYZER_NONNULL = YES;
				CLANG_ANALYZER_NUMBER_OBJECT_CONVERSION = YES_AGGRESSIVE;
				CLANG_CXX_LANGUAGE_STANDARD = "gnu++14";
				CLANG_CXX_LIBRARY = "libc++";
				CLANG_ENABLE_MODULES = YES;
				CLANG_ENABLE_OBJC_ARC = YES;
				CLANG_ENABLE_OBJC_WEAK = YES;
				CLANG_WARN_BLOCK_CAPTURE_AUTORELEASING = YES;
				CLANG_WARN_BOOL_CONVERSION = YES;
				CLANG_WARN_COMMA = YES;
				CLANG_WARN_CONSTANT_CONVERSION = YES;
				CLANG_WARN_DEPRECATED_OBJC_IMPLEMENTATIONS = YES;
				CLANG_WARN_DIRECT_OBJC_ISA_USAGE = YES_ERROR;
				CLANG_WARN_DOCUMENTATION_COMMENTS = YES;
				CLANG_WARN_EMPTY_BODY = YES;
				CLANG_WARN_ENUM_CONVERSION = YES;
				CLANG_WARN_INFINITE_RECURSION = YES;
				CLANG_WARN_INT_CONVERSION = YES;
				CLANG_WARN_NON_LITERAL_NULL_CONVERSION = YES;
				CLANG_WARN_OBJC_IMPLICIT_RETAIN_SELF = YES;
				CLANG_WARN_OBJC_LITERAL_CONVERSION = YES;
				CLANG_WARN_OBJC_ROOT_CLASS = YES_ERROR;
				CLANG_WARN_QUOTED_INCLUDE_IN_FRAMEWORK_HEADER = YES;
				CLANG_WARN_RANGE_LOOP_ANALYSIS = YES;
				CLANG_WARN_STRICT_PROTOTYPES = YES;
				CLANG_WARN_SUSPICIOUS_MOVE = YES;
				CLANG_WARN_UNGUARDED_AVAILABILITY = YES_AGGRESSIVE;
				CLANG_WARN_UNREACHABLE_CODE = YES;
				CLANG_WARN__DUPLICATE_METHOD_MATCH = YES;
				COPY_PHASE_STRIP = NO;
				DEBUG_INFORMATION_FORMAT = "dwarf-with-dsym";
				ENABLE_NS_ASSERTIONS = NO;
				ENABLE_STRICT_OBJC_MSGSEND = YES;
				GCC_C_LANGUAGE_STANDARD = gnu11;
				GCC_NO_COMMON_BLOCKS = YES;
				GCC_WARN_64_TO_32_BIT_CONVERSION = YES;
				GCC_WARN_ABOUT_RETURN_TYPE = YES_ERROR;
				GCC_WARN_UNDECLARED_SELECTOR = YES;
				GCC_WARN_UNINITIALIZED_AUTOS = YES_AGGRESSIVE;
				GCC_WARN_UNUSED_FUNCTION = YES;
				GCC_WARN_UNUSED_VARIABLE = YES;
				IPHONEOS_DEPLOYMENT_TARGET = 14.3;
				MTL_ENABLE_DEBUG_INFO = NO;
				MTL_FAST_MATH = YES;
				SDKROOT = iphoneos;
				SWIFT_COMPILATION_MODE = wholemodule;
				SWIFT_OPTIMIZATION_LEVEL = "-O";
				VALIDATE_PRODUCT = YES;
			};
			name = Release;
		};
		771B02A125A46D60008B8DCC /* Debug */ = {
			isa = XCBuildConfiguration;
			buildSettings = {
				ASSETCATALOG_COMPILER_APPICON_NAME = AppIcon;
				ASSETCATALOG_COMPILER_GLOBAL_ACCENT_COLOR_NAME = AccentColor;
				CODE_SIGN_STYLE = Automatic;
				DEVELOPMENT_TEAM = PFT2629W4Z;
				INFOPLIST_FILE = ZeroChat/Info.plist;
				IPHONEOS_DEPLOYMENT_TARGET = 13.0;
				LD_RUNPATH_SEARCH_PATHS = (
					"$(inherited)",
					"@executable_path/Frameworks",
				);
				PRODUCT_BUNDLE_IDENTIFIER = SwiftViktor.ZeroChat;
				PRODUCT_NAME = "$(TARGET_NAME)";
				SWIFT_VERSION = 5.0;
				TARGETED_DEVICE_FAMILY = 1;
			};
			name = Debug;
		};
		771B02A225A46D60008B8DCC /* Release */ = {
			isa = XCBuildConfiguration;
			buildSettings = {
				ASSETCATALOG_COMPILER_APPICON_NAME = AppIcon;
				ASSETCATALOG_COMPILER_GLOBAL_ACCENT_COLOR_NAME = AccentColor;
				CODE_SIGN_STYLE = Automatic;
				DEVELOPMENT_TEAM = PFT2629W4Z;
				INFOPLIST_FILE = ZeroChat/Info.plist;
				IPHONEOS_DEPLOYMENT_TARGET = 13.0;
				LD_RUNPATH_SEARCH_PATHS = (
					"$(inherited)",
					"@executable_path/Frameworks",
				);
				PRODUCT_BUNDLE_IDENTIFIER = SwiftViktor.ZeroChat;
				PRODUCT_NAME = "$(TARGET_NAME)";
				SWIFT_VERSION = 5.0;
				TARGETED_DEVICE_FAMILY = 1;
			};
			name = Release;
		};
/* End XCBuildConfiguration section */

/* Begin XCConfigurationList section */
		771B028725A46D5F008B8DCC /* Build configuration list for PBXProject "ZeroChat" */ = {
			isa = XCConfigurationList;
			buildConfigurations = (
				771B029E25A46D60008B8DCC /* Debug */,
				771B029F25A46D60008B8DCC /* Release */,
			);
			defaultConfigurationIsVisible = 0;
			defaultConfigurationName = Release;
		};
		771B02A025A46D60008B8DCC /* Build configuration list for PBXNativeTarget "ZeroChat" */ = {
			isa = XCConfigurationList;
			buildConfigurations = (
				771B02A125A46D60008B8DCC /* Debug */,
				771B02A225A46D60008B8DCC /* Release */,
			);
			defaultConfigurationIsVisible = 0;
			defaultConfigurationName = Release;
		};
/* End XCConfigurationList section */
	};
	rootObject = 771B028425A46D5F008B8DCC /* Project object */;
}
